// !$*UTF8*$!
{
	archiveVersion = 1;
	classes = {
	};
	objectVersion = 77;
	objects = {

/* Begin PBXContainerItemProxy section */
		816608AB2D2EED8700CB82F9 /* PBXContainerItemProxy */ = {
			isa = PBXContainerItemProxy;
			containerPortal = 816608922D2EED8600CB82F9 /* Project object */;
			proxyType = 1;
			remoteGlobalIDString = 816608992D2EED8600CB82F9;
			remoteInfo = ScienceRush2;
		};
		816608B52D2EED8700CB82F9 /* PBXContainerItemProxy */ = {
			isa = PBXContainerItemProxy;
			containerPortal = 816608922D2EED8600CB82F9 /* Project object */;
			proxyType = 1;
			remoteGlobalIDString = 816608992D2EED8600CB82F9;
			remoteInfo = ScienceRush2;
		};
/* End PBXContainerItemProxy section */

/* Begin PBXFileReference section */
		8166089A2D2EED8600CB82F9 /* ScienceRush2.app */ = {isa = PBXFileReference; explicitFileType = wrapper.application; includeInIndex = 0; path = ScienceRush2.app; sourceTree = BUILT_PRODUCTS_DIR; };
		816608AA2D2EED8700CB82F9 /* ScienceRush2Tests.xctest */ = {isa = PBXFileReference; explicitFileType = wrapper.cfbundle; includeInIndex = 0; path = ScienceRush2Tests.xctest; sourceTree = BUILT_PRODUCTS_DIR; };
		816608B42D2EED8700CB82F9 /* ScienceRush2UITests.xctest */ = {isa = PBXFileReference; explicitFileType = wrapper.cfbundle; includeInIndex = 0; path = ScienceRush2UITests.xctest; sourceTree = BUILT_PRODUCTS_DIR; };
/* End PBXFileReference section */

/* Begin PBXFileSystemSynchronizedRootGroup section */
		8166089C2D2EED8600CB82F9 /* ScienceRush2 */ = {
			isa = PBXFileSystemSynchronizedRootGroup;
			path = ScienceRush2;
			sourceTree = "<group>";
		};
		816608AD2D2EED8700CB82F9 /* ScienceRush2Tests */ = {
			isa = PBXFileSystemSynchronizedRootGroup;
			path = ScienceRush2Tests;
			sourceTree = "<group>";
		};
		816608B72D2EED8700CB82F9 /* ScienceRush2UITests */ = {
			isa = PBXFileSystemSynchronizedRootGroup;
			path = ScienceRush2UITests;
			sourceTree = "<group>";
		};
/* End PBXFileSystemSynchronizedRootGroup section */

/* Begin PBXFrameworksBuildPhase section */
		816608972D2EED8600CB82F9 /* Frameworks */ = {
			isa = PBXFrameworksBuildPhase;
			buildActionMask = 2147483647;
			files = (
			);
			runOnlyForDeploymentPostprocessing = 0;
		};
		816608A72D2EED8700CB82F9 /* Frameworks */ = {
			isa = PBXFrameworksBuildPhase;
			buildActionMask = 2147483647;
			files = (
			);
			runOnlyForDeploymentPostprocessing = 0;
		};
		816608B12D2EED8700CB82F9 /* Frameworks */ = {
			isa = PBXFrameworksBuildPhase;
			buildActionMask = 2147483647;
			files = (
			);
			runOnlyForDeploymentPostprocessing = 0;
		};
/* End PBXFrameworksBuildPhase section */

/* Begin PBXGroup section */
		816608912D2EED8600CB82F9 = {
			isa = PBXGroup;
			children = (
				8166089C2D2EED8600CB82F9 /* ScienceRush2 */,
				816608AD2D2EED8700CB82F9 /* ScienceRush2Tests */,
				816608B72D2EED8700CB82F9 /* ScienceRush2UITests */,
				8166089B2D2EED8600CB82F9 /* Products */,
			);
			sourceTree = "<group>";
		};
		8166089B2D2EED8600CB82F9 /* Products */ = {
			isa = PBXGroup;
			children = (
				8166089A2D2EED8600CB82F9 /* ScienceRush2.app */,
				816608AA2D2EED8700CB82F9 /* ScienceRush2Tests.xctest */,
				816608B42D2EED8700CB82F9 /* ScienceRush2UITests.xctest */,
			);
			name = Products;
			sourceTree = "<group>";
		};
/* End PBXGroup section */

/* Begin PBXNativeTarget section */
		816608992D2EED8600CB82F9 /* ScienceRush2 */ = {
			isa = PBXNativeTarget;
			buildConfigurationList = 816608BE2D2EED8700CB82F9 /* Build configuration list for PBXNativeTarget "ScienceRush2" */;
			buildPhases = (
				816608962D2EED8600CB82F9 /* Sources */,
				816608972D2EED8600CB82F9 /* Frameworks */,
				816608982D2EED8600CB82F9 /* Resources */,
			);
			buildRules = (
			);
			dependencies = (
			);
			fileSystemSynchronizedGroups = (
				8166089C2D2EED8600CB82F9 /* ScienceRush2 */,
			);
			name = ScienceRush2;
			packageProductDependencies = (
			);
			productName = ScienceRush2;
			productReference = 8166089A2D2EED8600CB82F9 /* ScienceRush2.app */;
			productType = "com.apple.product-type.application";
		};
		816608A92D2EED8700CB82F9 /* ScienceRush2Tests */ = {
			isa = PBXNativeTarget;
			buildConfigurationList = 816608C12D2EED8700CB82F9 /* Build configuration list for PBXNativeTarget "ScienceRush2Tests" */;
			buildPhases = (
				816608A62D2EED8700CB82F9 /* Sources */,
				816608A72D2EED8700CB82F9 /* Frameworks */,
				816608A82D2EED8700CB82F9 /* Resources */,
			);
			buildRules = (
			);
			dependencies = (
				816608AC2D2EED8700CB82F9 /* PBXTargetDependency */,
			);
			fileSystemSynchronizedGroups = (
				816608AD2D2EED8700CB82F9 /* ScienceRush2Tests */,
			);
			name = ScienceRush2Tests;
			packageProductDependencies = (
			);
			productName = ScienceRush2Tests;
			productReference = 816608AA2D2EED8700CB82F9 /* ScienceRush2Tests.xctest */;
			productType = "com.apple.product-type.bundle.unit-test";
		};
		816608B32D2EED8700CB82F9 /* ScienceRush2UITests */ = {
			isa = PBXNativeTarget;
			buildConfigurationList = 816608C42D2EED8700CB82F9 /* Build configuration list for PBXNativeTarget "ScienceRush2UITests" */;
			buildPhases = (
				816608B02D2EED8700CB82F9 /* Sources */,
				816608B12D2EED8700CB82F9 /* Frameworks */,
				816608B22D2EED8700CB82F9 /* Resources */,
			);
			buildRules = (
			);
			dependencies = (
				816608B62D2EED8700CB82F9 /* PBXTargetDependency */,
			);
			fileSystemSynchronizedGroups = (
				816608B72D2EED8700CB82F9 /* ScienceRush2UITests */,
			);
			name = ScienceRush2UITests;
			packageProductDependencies = (
			);
			productName = ScienceRush2UITests;
			productReference = 816608B42D2EED8700CB82F9 /* ScienceRush2UITests.xctest */;
			productType = "com.apple.product-type.bundle.ui-testing";
		};
/* End PBXNativeTarget section */

/* Begin PBXProject section */
		816608922D2EED8600CB82F9 /* Project object */ = {
			isa = PBXProject;
			attributes = {
				BuildIndependentTargetsInParallel = 1;
				LastSwiftUpdateCheck = 1620;
				LastUpgradeCheck = 1620;
				TargetAttributes = {
					816608992D2EED8600CB82F9 = {
						CreatedOnToolsVersion = 16.2;
					};
					816608A92D2EED8700CB82F9 = {
						CreatedOnToolsVersion = 16.2;
						TestTargetID = 816608992D2EED8600CB82F9;
					};
					816608B32D2EED8700CB82F9 = {
						CreatedOnToolsVersion = 16.2;
						TestTargetID = 816608992D2EED8600CB82F9;
					};
				};
			};
			buildConfigurationList = 816608952D2EED8600CB82F9 /* Build configuration list for PBXProject "ScienceRush2" */;
			developmentRegion = en;
			hasScannedForEncodings = 0;
			knownRegions = (
				en,
				Base,
			);
			mainGroup = 816608912D2EED8600CB82F9;
			minimizedProjectReferenceProxies = 1;
			preferredProjectObjectVersion = 77;
			productRefGroup = 8166089B2D2EED8600CB82F9 /* Products */;
			projectDirPath = "";
			projectRoot = "";
			targets = (
				816608992D2EED8600CB82F9 /* ScienceRush2 */,
				816608A92D2EED8700CB82F9 /* ScienceRush2Tests */,
				816608B32D2EED8700CB82F9 /* ScienceRush2UITests */,
			);
		};
/* End PBXProject section */

/* Begin PBXResourcesBuildPhase section */
		816608982D2EED8600CB82F9 /* Resources */ = {
			isa = PBXResourcesBuildPhase;
			buildActionMask = 2147483647;
			files = (
			);
			runOnlyForDeploymentPostprocessing = 0;
		};
		816608A82D2EED8700CB82F9 /* Resources */ = {
			isa = PBXResourcesBuildPhase;
			buildActionMask = 2147483647;
			files = (
			);
			runOnlyForDeploymentPostprocessing = 0;
		};
		816608B22D2EED8700CB82F9 /* Resources */ = {
			isa = PBXResourcesBuildPhase;
			buildActionMask = 2147483647;
			files = (
			);
			runOnlyForDeploymentPostprocessing = 0;
		};
/* End PBXResourcesBuildPhase section */

/* Begin PBXSourcesBuildPhase section */
		816608962D2EED8600CB82F9 /* Sources */ = {
			isa = PBXSourcesBuildPhase;
			buildActionMask = 2147483647;
			files = (
			);
			runOnlyForDeploymentPostprocessing = 0;
		};
		816608A62D2EED8700CB82F9 /* Sources */ = {
			isa = PBXSourcesBuildPhase;
			buildActionMask = 2147483647;
			files = (
			);
			runOnlyForDeploymentPostprocessing = 0;
		};
		816608B02D2EED8700CB82F9 /* Sources */ = {
			isa = PBXSourcesBuildPhase;
			buildActionMask = 2147483647;
			files = (
			);
			runOnlyForDeploymentPostprocessing = 0;
		};
/* End PBXSourcesBuildPhase section */

/* Begin PBXTargetDependency section */
		816608AC2D2EED8700CB82F9 /* PBXTargetDependency */ = {
			isa = PBXTargetDependency;
			target = 816608992D2EED8600CB82F9 /* ScienceRush2 */;
			targetProxy = 816608AB2D2EED8700CB82F9 /* PBXContainerItemProxy */;
		};
		816608B62D2EED8700CB82F9 /* PBXTargetDependency */ = {
			isa = PBXTargetDependency;
			target = 816608992D2EED8600CB82F9 /* ScienceRush2 */;
			targetProxy = 816608B52D2EED8700CB82F9 /* PBXContainerItemProxy */;
		};
/* End PBXTargetDependency section */

/* Begin XCBuildConfiguration section */
		816608BC2D2EED8700CB82F9 /* Debug */ = {
			isa = XCBuildConfiguration;
			buildSettings = {
				ALWAYS_SEARCH_USER_PATHS = NO;
				ASSETCATALOG_COMPILER_GENERATE_SWIFT_ASSET_SYMBOL_EXTENSIONS = YES;
				CLANG_ANALYZER_NONNULL = YES;
				CLANG_ANALYZER_NUMBER_OBJECT_CONVERSION = YES_AGGRESSIVE;
				CLANG_CXX_LANGUAGE_STANDARD = "gnu++20";
				CLANG_ENABLE_MODULES = YES;
				CLANG_ENABLE_OBJC_ARC = YES;
				CLANG_ENABLE_OBJC_WEAK = YES;
				CLANG_WARN_BLOCK_CAPTURE_AUTORELEASING = YES;
				CLANG_WARN_BOOL_CONVERSION = YES;
				CLANG_WARN_COMMA = YES;
				CLANG_WARN_CONSTANT_CONVERSION = YES;
				CLANG_WARN_DEPRECATED_OBJC_IMPLEMENTATIONS = YES;
				CLANG_WARN_DIRECT_OBJC_ISA_USAGE = YES_ERROR;
				CLANG_WARN_DOCUMENTATION_COMMENTS = YES;
				CLANG_WARN_EMPTY_BODY = YES;
				CLANG_WARN_ENUM_CONVERSION = YES;
				CLANG_WARN_INFINITE_RECURSION = YES;
				CLANG_WARN_INT_CONVERSION = YES;
				CLANG_WARN_NON_LITERAL_NULL_CONVERSION = YES;
				CLANG_WARN_OBJC_IMPLICIT_RETAIN_SELF = YES;
				CLANG_WARN_OBJC_LITERAL_CONVERSION = YES;
				CLANG_WARN_OBJC_ROOT_CLASS = YES_ERROR;
				CLANG_WARN_QUOTED_INCLUDE_IN_FRAMEWORK_HEADER = YES;
				CLANG_WARN_RANGE_LOOP_ANALYSIS = YES;
				CLANG_WARN_STRICT_PROTOTYPES = YES;
				CLANG_WARN_SUSPICIOUS_MOVE = YES;
				CLANG_WARN_UNGUARDED_AVAILABILITY = YES_AGGRESSIVE;
				CLANG_WARN_UNREACHABLE_CODE = YES;
				CLANG_WARN__DUPLICATE_METHOD_MATCH = YES;
				COPY_PHASE_STRIP = NO;
				DEBUG_INFORMATION_FORMAT = dwarf;
				ENABLE_STRICT_OBJC_MSGSEND = YES;
				ENABLE_TESTABILITY = YES;
				ENABLE_USER_SCRIPT_SANDBOXING = YES;
				GCC_C_LANGUAGE_STANDARD = gnu17;
				GCC_DYNAMIC_NO_PIC = NO;
				GCC_NO_COMMON_BLOCKS = YES;
				GCC_OPTIMIZATION_LEVEL = 0;
				GCC_PREPROCESSOR_DEFINITIONS = (
					"DEBUG=1",
					"$(inherited)",
				);
				GCC_WARN_64_TO_32_BIT_CONVERSION = YES;
				GCC_WARN_ABOUT_RETURN_TYPE = YES_ERROR;
				GCC_WARN_UNDECLARED_SELECTOR = YES;
				GCC_WARN_UNINITIALIZED_AUTOS = YES_AGGRESSIVE;
				GCC_WARN_UNUSED_FUNCTION = YES;
				GCC_WARN_UNUSED_VARIABLE = YES;
				IPHONEOS_DEPLOYMENT_TARGET = 18.2;
				LOCALIZATION_PREFERS_STRING_CATALOGS = YES;
				MTL_ENABLE_DEBUG_INFO = INCLUDE_SOURCE;
				MTL_FAST_MATH = YES;
				ONLY_ACTIVE_ARCH = YES;
				SDKROOT = iphoneos;
				SWIFT_ACTIVE_COMPILATION_CONDITIONS = "DEBUG $(inherited)";
				SWIFT_OPTIMIZATION_LEVEL = "-Onone";
			};
			name = Debug;
		};
		816608BD2D2EED8700CB82F9 /* Release */ = {
			isa = XCBuildConfiguration;
			buildSettings = {
				ALWAYS_SEARCH_USER_PATHS = NO;
				ASSETCATALOG_COMPILER_GENERATE_SWIFT_ASSET_SYMBOL_EXTENSIONS = YES;
				CLANG_ANALYZER_NONNULL = YES;
				CLANG_ANALYZER_NUMBER_OBJECT_CONVERSION = YES_AGGRESSIVE;
				CLANG_CXX_LANGUAGE_STANDARD = "gnu++20";
				CLANG_ENABLE_MODULES = YES;
				CLANG_ENABLE_OBJC_ARC = YES;
				CLANG_ENABLE_OBJC_WEAK = YES;
				CLANG_WARN_BLOCK_CAPTURE_AUTORELEASING = YES;
				CLANG_WARN_BOOL_CONVERSION = YES;
				CLANG_WARN_COMMA = YES;
				CLANG_WARN_CONSTANT_CONVERSION = YES;
				CLANG_WARN_DEPRECATED_OBJC_IMPLEMENTATIONS = YES;
				CLANG_WARN_DIRECT_OBJC_ISA_USAGE = YES_ERROR;
				CLANG_WARN_DOCUMENTATION_COMMENTS = YES;
				CLANG_WARN_EMPTY_BODY = YES;
				CLANG_WARN_ENUM_CONVERSION = YES;
				CLANG_WARN_INFINITE_RECURSION = YES;
				CLANG_WARN_INT_CONVERSION = YES;
				CLANG_WARN_NON_LITERAL_NULL_CONVERSION = YES;
				CLANG_WARN_OBJC_IMPLICIT_RETAIN_SELF = YES;
				CLANG_WARN_OBJC_LITERAL_CONVERSION = YES;
				CLANG_WARN_OBJC_ROOT_CLASS = YES_ERROR;
				CLANG_WARN_QUOTED_INCLUDE_IN_FRAMEWORK_HEADER = YES;
				CLANG_WARN_RANGE_LOOP_ANALYSIS = YES;
				CLANG_WARN_STRICT_PROTOTYPES = YES;
				CLANG_WARN_SUSPICIOUS_MOVE = YES;
				CLANG_WARN_UNGUARDED_AVAILABILITY = YES_AGGRESSIVE;
				CLANG_WARN_UNREACHABLE_CODE = YES;
				CLANG_WARN__DUPLICATE_METHOD_MATCH = YES;
				COPY_PHASE_STRIP = NO;
				DEBUG_INFORMATION_FORMAT = "dwarf-with-dsym";
				ENABLE_NS_ASSERTIONS = NO;
				ENABLE_STRICT_OBJC_MSGSEND = YES;
				ENABLE_USER_SCRIPT_SANDBOXING = YES;
				GCC_C_LANGUAGE_STANDARD = gnu17;
				GCC_NO_COMMON_BLOCKS = YES;
				GCC_WARN_64_TO_32_BIT_CONVERSION = YES;
				GCC_WARN_ABOUT_RETURN_TYPE = YES_ERROR;
				GCC_WARN_UNDECLARED_SELECTOR = YES;
				GCC_WARN_UNINITIALIZED_AUTOS = YES_AGGRESSIVE;
				GCC_WARN_UNUSED_FUNCTION = YES;
				GCC_WARN_UNUSED_VARIABLE = YES;
				IPHONEOS_DEPLOYMENT_TARGET = 18.2;
				LOCALIZATION_PREFERS_STRING_CATALOGS = YES;
				MTL_ENABLE_DEBUG_INFO = NO;
				MTL_FAST_MATH = YES;
				SDKROOT = iphoneos;
				SWIFT_COMPILATION_MODE = wholemodule;
				VALIDATE_PRODUCT = YES;
			};
			name = Release;
		};
		816608BF2D2EED8700CB82F9 /* Debug */ = {
			isa = XCBuildConfiguration;
			buildSettings = {
				ASSETCATALOG_COMPILER_APPICON_NAME = AppIcon;
				ASSETCATALOG_COMPILER_GLOBAL_ACCENT_COLOR_NAME = AccentColor;
				CODE_SIGN_STYLE = Automatic;
				CURRENT_PROJECT_VERSION = 1;
				DEVELOPMENT_ASSET_PATHS = "\"ScienceRush2/Preview Content\"";
				ENABLE_PREVIEWS = YES;
				GENERATE_INFOPLIST_FILE = YES;
				INFOPLIST_KEY_UIApplicationSceneManifest_Generation = YES;
				INFOPLIST_KEY_UIApplicationSupportsIndirectInputEvents = YES;
				INFOPLIST_KEY_UILaunchScreen_Generation = YES;
				INFOPLIST_KEY_UISupportedInterfaceOrientations_iPad = "UIInterfaceOrientationPortrait UIInterfaceOrientationPortraitUpsideDown UIInterfaceOrientationLandscapeLeft UIInterfaceOrientationLandscapeRight";
				INFOPLIST_KEY_UISupportedInterfaceOrientations_iPhone = "UIInterfaceOrientationPortrait UIInterfaceOrientationLandscapeLeft UIInterfaceOrientationLandscapeRight";
				LD_RUNPATH_SEARCH_PATHS = (
					"$(inherited)",
					"@executable_path/Frameworks",
				);
				MARKETING_VERSION = 1.0;
				PRODUCT_BUNDLE_IDENTIFIER = Birrueta.ScienceRush2;
				PRODUCT_NAME = "$(TARGET_NAME)";
				SWIFT_EMIT_LOC_STRINGS = YES;
				SWIFT_VERSION = 5.0;
				TARGETED_DEVICE_FAMILY = "1,2";
			};
			name = Debug;
		};
		816608C02D2EED8700CB82F9 /* Release */ = {
			isa = XCBuildConfiguration;
			buildSettings = {
				ASSETCATALOG_COMPILER_APPICON_NAME = AppIcon;
				ASSETCATALOG_COMPILER_GLOBAL_ACCENT_COLOR_NAME = AccentColor;
				CODE_SIGN_STYLE = Automatic;
				CURRENT_PROJECT_VERSION = 1;
				DEVELOPMENT_ASSET_PATHS = "\"ScienceRush2/Preview Content\"";
				ENABLE_PREVIEWS = YES;
				GENERATE_INFOPLIST_FILE = YES;
				INFOPLIST_KEY_UIApplicationSceneManifest_Generation = YES;
				INFOPLIST_KEY_UIApplicationSupportsIndirectInputEvents = YES;
				INFOPLIST_KEY_UILaunchScreen_Generation = YES;
				INFOPLIST_KEY_UISupportedInterfaceOrientations_iPad = "UIInterfaceOrientationPortrait UIInterfaceOrientationPortraitUpsideDown UIInterfaceOrientationLandscapeLeft UIInterfaceOrientationLandscapeRight";
				INFOPLIST_KEY_UISupportedInterfaceOrientations_iPhone = "UIInterfaceOrientationPortrait UIInterfaceOrientationLandscapeLeft UIInterfaceOrientationLandscapeRight";
				LD_RUNPATH_SEARCH_PATHS = (
					"$(inherited)",
					"@executable_path/Frameworks",
				);
				MARKETING_VERSION = 1.0;
				PRODUCT_BUNDLE_IDENTIFIER = Birrueta.ScienceRush2;
				PRODUCT_NAME = "$(TARGET_NAME)";
				SWIFT_EMIT_LOC_STRINGS = YES;
				SWIFT_VERSION = 5.0;
				TARGETED_DEVICE_FAMILY = "1,2";
			};
			name = Release;
		};
		816608C22D2EED8700CB82F9 /* Debug */ = {
			isa = XCBuildConfiguration;
			buildSettings = {
				BUNDLE_LOADER = "$(TEST_HOST)";
				CODE_SIGN_STYLE = Automatic;
				CURRENT_PROJECT_VERSION = 1;
				GENERATE_INFOPLIST_FILE = YES;
				IPHONEOS_DEPLOYMENT_TARGET = 18.2;
				MARKETING_VERSION = 1.0;
				PRODUCT_BUNDLE_IDENTIFIER = Birrueta.ScienceRush2Tests;
				PRODUCT_NAME = "$(TARGET_NAME)";
				SWIFT_EMIT_LOC_STRINGS = NO;
				SWIFT_VERSION = 5.0;
				TARGETED_DEVICE_FAMILY = "1,2";
				TEST_HOST = "$(BUILT_PRODUCTS_DIR)/ScienceRush2.app/$(BUNDLE_EXECUTABLE_FOLDER_PATH)/ScienceRush2";
			};
			name = Debug;
		};
		816608C32D2EED8700CB82F9 /* Release */ = {
			isa = XCBuildConfiguration;
			buildSettings = {
				BUNDLE_LOADER = "$(TEST_HOST)";
				CODE_SIGN_STYLE = Automatic;
				CURRENT_PROJECT_VERSION = 1;
				GENERATE_INFOPLIST_FILE = YES;
				IPHONEOS_DEPLOYMENT_TARGET = 18.2;
				MARKETING_VERSION = 1.0;
				PRODUCT_BUNDLE_IDENTIFIER = Birrueta.ScienceRush2Tests;
				PRODUCT_NAME = "$(TARGET_NAME)";
				SWIFT_EMIT_LOC_STRINGS = NO;
				SWIFT_VERSION = 5.0;
				TARGETED_DEVICE_FAMILY = "1,2";
				TEST_HOST = "$(BUILT_PRODUCTS_DIR)/ScienceRush2.app/$(BUNDLE_EXECUTABLE_FOLDER_PATH)/ScienceRush2";
			};
			name = Release;
		};
		816608C52D2EED8700CB82F9 /* Debug */ = {
			isa = XCBuildConfiguration;
			buildSettings = {
				CODE_SIGN_STYLE = Automatic;
				CURRENT_PROJECT_VERSION = 1;
				GENERATE_INFOPLIST_FILE = YES;
				MARKETING_VERSION = 1.0;
				PRODUCT_BUNDLE_IDENTIFIER = Birrueta.ScienceRush2UITests;
				PRODUCT_NAME = "$(TARGET_NAME)";
				SWIFT_EMIT_LOC_STRINGS = NO;
				SWIFT_VERSION = 5.0;
				TARGETED_DEVICE_FAMILY = "1,2";
				TEST_TARGET_NAME = ScienceRush2;
			};
			name = Debug;
		};
		816608C62D2EED8700CB82F9 /* Release */ = {
			isa = XCBuildConfiguration;
			buildSettings = {
				CODE_SIGN_STYLE = Automatic;
				CURRENT_PROJECT_VERSION = 1;
				GENERATE_INFOPLIST_FILE = YES;
				MARKETING_VERSION = 1.0;
				PRODUCT_BUNDLE_IDENTIFIER = Birrueta.ScienceRush2UITests;
				PRODUCT_NAME = "$(TARGET_NAME)";
				SWIFT_EMIT_LOC_STRINGS = NO;
				SWIFT_VERSION = 5.0;
				TARGETED_DEVICE_FAMILY = "1,2";
				TEST_TARGET_NAME = ScienceRush2;
			};
			name = Release;
		};
/* End XCBuildConfiguration section */

/* Begin XCConfigurationList section */
		816608952D2EED8600CB82F9 /* Build configuration list for PBXProject "ScienceRush2" */ = {
			isa = XCConfigurationList;
			buildConfigurations = (
				816608BC2D2EED8700CB82F9 /* Debug */,
				816608BD2D2EED8700CB82F9 /* Release */,
			);
			defaultConfigurationIsVisible = 0;
			defaultConfigurationName = Release;
		};
		816608BE2D2EED8700CB82F9 /* Build configuration list for PBXNativeTarget "ScienceRush2" */ = {
			isa = XCConfigurationList;
			buildConfigurations = (
				816608BF2D2EED8700CB82F9 /* Debug */,
				816608C02D2EED8700CB82F9 /* Release */,
			);
			defaultConfigurationIsVisible = 0;
			defaultConfigurationName = Release;
		};
		816608C12D2EED8700CB82F9 /* Build configuration list for PBXNativeTarget "ScienceRush2Tests" */ = {
			isa = XCConfigurationList;
			buildConfigurations = (
				816608C22D2EED8700CB82F9 /* Debug */,
				816608C32D2EED8700CB82F9 /* Release */,
			);
			defaultConfigurationIsVisible = 0;
			defaultConfigurationName = Release;
		};
		816608C42D2EED8700CB82F9 /* Build configuration list for PBXNativeTarget "ScienceRush2UITests" */ = {
			isa = XCConfigurationList;
			buildConfigurations = (
				816608C52D2EED8700CB82F9 /* Debug */,
				816608C62D2EED8700CB82F9 /* Release */,
			);
			defaultConfigurationIsVisible = 0;
			defaultConfigurationName = Release;
		};
/* End XCConfigurationList section */
	};
	rootObject = 816608922D2EED8600CB82F9 /* Project object */;
}
